{
  "version": 4,
  "terraform_version": "1.13.1",
  "serial": 127,
  "lineage": "3d4ec20d-6a2e-1411-00f2-2d17ab8c2bb8",
  "outputs": {},
  "resources": [
    {
      "mode": "managed",
      "type": "google_compute_subnetwork",
      "name": "default_private_access",
      "provider": "provider[\"registry.terraform.io/hashicorp/google\"]",
      "instances": [
        {
          "schema_version": 0,
          "attributes": {
            "creation_timestamp": "2025-12-23T07:07:36.467-08:00",
            "description": "",
            "external_ipv6_prefix": "",
            "fingerprint": null,
            "gateway_address": "10.128.0.1",
            "id": "projects/remove-it-482111/regions/us-central1/subnetworks/default",
            "internal_ipv6_prefix": "",
            "ip_cidr_range": "10.128.0.0/20",
            "ipv6_access_type": "",
            "ipv6_cidr_range": "2600:2d00:400e:296:0:0:0:0/64",
            "log_config": [],
            "name": "default",
            "network": "https://www.googleapis.com/compute/v1/projects/remove-it-482111/global/networks/default",
            "private_ip_google_access": true,
            "private_ipv6_google_access": "DISABLE_GOOGLE_ACCESS",
            "project": "remove-it-482111",
            "purpose": "PRIVATE",
            "region": "us-central1",
            "role": "",
            "secondary_ip_range": [],
            "self_link": "https://www.googleapis.com/compute/v1/projects/remove-it-482111/regions/us-central1/subnetworks/default",
            "send_secondary_ip_range_if_empty": null,
            "stack_type": "IPV4_ONLY",
            "timeouts": null
          },
          "sensitive_attributes": [],
          "identity_schema_version": 0,
          "private": "eyJlMmJmYjczMC1lY2FhLTExZTYtOGY4OC0zNDM2M2JjN2M0YzAiOnsiY3JlYXRlIjoxMjAwMDAwMDAwMDAwLCJkZWxldGUiOjEyMDAwMDAwMDAwMDAsInVwZGF0ZSI6MTIwMDAwMDAwMDAwMH0sInNjaGVtYV92ZXJzaW9uIjoiMCJ9"
        }
      ]
    },
    {
      "module": "module.datadog-integration",
      "mode": "data",
      "type": "google_compute_network",
      "name": "vpc",
      "provider": "provider[\"registry.terraform.io/hashicorp/google\"]",
      "instances": [
        {
          "schema_version": 0,
          "attributes": {
            "description": "Default network for the project",
            "gateway_ipv4": "",
            "id": "projects/remove-it-482111/global/networks/default",
            "internal_ipv6_range": "",
            "name": "default",
            "project": null,
            "self_link": "https://www.googleapis.com/compute/v1/projects/remove-it-482111/global/networks/default",
            "subnetworks_self_links": [
              "https://www.googleapis.com/compute/v1/projects/remove-it-482111/regions/us-east4/subnetworks/default",
              "https://www.googleapis.com/compute/v1/projects/remove-it-482111/regions/asia-southeast2/subnetworks/default",
              "https://www.googleapis.com/compute/v1/projects/remove-it-482111/regions/asia-southeast3/subnetworks/default",
              "https://www.googleapis.com/compute/v1/projects/remove-it-482111/regions/europe-central2/subnetworks/default",
              "https://www.googleapis.com/compute/v1/projects/remove-it-482111/regions/europe-southwest1/subnetworks/default",
              "https://www.googleapis.com/compute/v1/projects/remove-it-482111/regions/us-east5/subnetworks/default",
              "https://www.googleapis.com/compute/v1/projects/remove-it-482111/regions/us-west2/subnetworks/default",
              "https://www.googleapis.com/compute/v1/projects/remove-it-482111/regions/asia-south1/subnetworks/default",
              "https://www.googleapis.com/compute/v1/projects/remove-it-482111/regions/asia-east2/subnetworks/default",
              "https://www.googleapis.com/compute/v1/projects/remove-it-482111/regions/australia-southeast2/subnetworks/default",
              "https://www.googleapis.com/compute/v1/projects/remove-it-482111/regions/us-south1/subnetworks/default",
              "https://www.googleapis.com/compute/v1/projects/remove-it-482111/regions/europe-west10/subnetworks/default",
              "https://www.googleapis.com/compute/v1/projects/remove-it-482111/regions/europe-north2/subnetworks/default",
              "https://www.googleapis.com/compute/v1/projects/remove-it-482111/regions/africa-south1/subnetworks/default",
              "https://www.googleapis.com/compute/v1/projects/remove-it-482111/regions/us-west3/subnetworks/default",
              "https://www.googleapis.com/compute/v1/projects/remove-it-482111/regions/northamerica-south1/subnetworks/default",
              "https://www.googleapis.com/compute/v1/projects/remove-it-482111/regions/europe-west4/subnetworks/default",
              "https://www.googleapis.com/compute/v1/projects/remove-it-482111/regions/us-east1/subnetworks/default",
              "https://www.googleapis.com/compute/v1/projects/remove-it-482111/regions/australia-southeast1/subnetworks/default",
              "https://www.googleapis.com/compute/v1/projects/remove-it-482111/regions/northamerica-northeast2/subnetworks/default",
              "https://www.googleapis.com/compute/v1/projects/remove-it-482111/regions/europe-west2/subnetworks/default",
              "https://www.googleapis.com/compute/v1/projects/remove-it-482111/regions/europe-north1/subnetworks/default",
              "https://www.googleapis.com/compute/v1/projects/remove-it-482111/regions/us-west1/subnetworks/default",
              "https://www.googleapis.com/compute/v1/projects/remove-it-482111/regions/asia-northeast1/subnetworks/default",
              "https://www.googleapis.com/compute/v1/projects/remove-it-482111/regions/us-central1/subnetworks/default",
              "https://www.googleapis.com/compute/v1/projects/remove-it-482111/regions/europe-west6/subnetworks/default",
              "https://www.googleapis.com/compute/v1/projects/remove-it-482111/regions/europe-west12/subnetworks/default",
              "https://www.googleapis.com/compute/v1/projects/remove-it-482111/regions/northamerica-northeast1/subnetworks/default",
              "https://www.googleapis.com/compute/v1/projects/remove-it-482111/regions/asia-south2/subnetworks/default",
              "https://www.googleapis.com/compute/v1/projects/remove-it-482111/regions/asia-east1/subnetworks/default",
              "https://www.googleapis.com/compute/v1/projects/remove-it-482111/regions/me-central1/subnetworks/default",
              "https://www.googleapis.com/compute/v1/projects/remove-it-482111/regions/europe-west8/subnetworks/default",
              "https://www.googleapis.com/compute/v1/projects/remove-it-482111/regions/asia-southeast1/subnetworks/default",
              "https://www.googleapis.com/compute/v1/projects/remove-it-482111/regions/europe-west3/subnetworks/default",
              "https://www.googleapis.com/compute/v1/projects/remove-it-482111/regions/southamerica-east1/subnetworks/default",
              "https://www.googleapis.com/compute/v1/projects/remove-it-482111/regions/asia-northeast2/subnetworks/default",
              "https://www.googleapis.com/compute/v1/projects/remove-it-482111/regions/europe-west1/subnetworks/default",
              "https://www.googleapis.com/compute/v1/projects/remove-it-482111/regions/europe-west9/subnetworks/default",
              "https://www.googleapis.com/compute/v1/projects/remove-it-482111/regions/us-west4/subnetworks/default",
              "https://www.googleapis.com/compute/v1/projects/remove-it-482111/regions/southamerica-west1/subnetworks/default",
              "https://www.googleapis.com/compute/v1/projects/remove-it-482111/regions/me-west1/subnetworks/default",
              "https://www.googleapis.com/compute/v1/projects/remove-it-482111/regions/asia-northeast3/subnetworks/default"
            ]
          },
          "sensitive_attributes": [],
          "identity_schema_version": 0
        }
      ]
    },
    {
      "module": "module.datadog-integration",
      "mode": "data",
      "type": "google_compute_subnetwork",
      "name": "dataflow_subnetwork",
      "provider": "provider[\"registry.terraform.io/hashicorp/google\"]",
      "instances": [
        {
          "schema_version": 0,
          "attributes": {
            "description": "",
            "gateway_address": "10.128.0.1",
            "id": "projects/remove-it-482111/regions/us-central1/subnetworks/default",
            "internal_ipv6_prefix": "",
            "ip_cidr_range": "10.128.0.0/20",
            "name": "default",
            "network": "https://www.googleapis.com/compute/v1/projects/remove-it-482111/global/networks/default",
            "private_ip_google_access": true,
            "project": "remove-it-482111",
            "region": "us-central1",
            "secondary_ip_range": [],
            "self_link": "https://www.googleapis.com/compute/v1/projects/remove-it-482111/regions/us-central1/subnetworks/default"
          },
          "sensitive_attributes": [],
          "identity_schema_version": 0
        }
      ]
    },
    {
      "module": "module.datadog-integration",
      "mode": "data",
      "type": "google_project",
      "name": "project",
      "provider": "provider[\"registry.terraform.io/hashicorp/google\"]",
      "instances": [
        {
          "schema_version": 0,
          "attributes": {
            "auto_create_network": null,
            "billing_account": "014F7F-035A51-0DB60B",
            "deletion_policy": "DELETE",
            "effective_labels": {},
            "folder_id": "429335812199",
            "id": "projects/remove-it-482111",
            "labels": {},
            "name": "remove-it",
            "number": "831673228062",
            "org_id": "",
            "project_id": "remove-it-482111",
            "skip_delete": null,
            "terraform_labels": {}
          },
          "sensitive_attributes": [],
          "identity_schema_version": 0
        }
      ]
    },
    {
      "module": "module.datadog-integration",
      "mode": "managed",
      "type": "google_compute_firewall",
      "name": "egress_dataflow_workers",
      "provider": "provider[\"registry.terraform.io/hashicorp/google\"]",
      "instances": [
        {
          "schema_version": 1,
          "attributes": {
            "allow": [
              {
                "ports": [
                  "12345-12346"
                ],
                "protocol": "tcp"
              }
            ],
            "creation_timestamp": "2026-01-08T00:28:52.549-08:00",
            "deny": [],
            "description": "",
            "destination_ranges": [
              "10.128.0.0/20"
            ],
            "direction": "EGRESS",
            "disabled": false,
            "enable_logging": null,
            "id": "projects/remove-it-482111/global/firewalls/egress-rule-dataflow-workers",
            "log_config": [],
            "name": "egress-rule-dataflow-workers",
            "network": "https://www.googleapis.com/compute/v1/projects/remove-it-482111/global/networks/default",
            "priority": 210,
            "project": "remove-it-482111",
            "self_link": "https://www.googleapis.com/compute/v1/projects/remove-it-482111/global/firewalls/egress-rule-dataflow-workers",
            "source_ranges": null,
            "source_service_accounts": null,
            "source_tags": null,
            "target_service_accounts": null,
            "target_tags": [
              "dataflow"
            ],
            "timeouts": null
          },
          "sensitive_attributes": [],
          "identity_schema_version": 0,
          "private": "eyJlMmJmYjczMC1lY2FhLTExZTYtOGY4OC0zNDM2M2JjN2M0YzAiOnsiY3JlYXRlIjoxMjAwMDAwMDAwMDAwLCJkZWxldGUiOjEyMDAwMDAwMDAwMDAsInVwZGF0ZSI6MTIwMDAwMDAwMDAwMH0sInNjaGVtYV92ZXJzaW9uIjoiMSJ9",
          "dependencies": [
            "module.datadog-integration.data.google_compute_network.vpc",
            "module.datadog-integration.data.google_compute_subnetwork.dataflow_subnetwork",
            "module.datadog-integration.google_project_service.enable_apis",
            "module.datadog-integration.time_sleep.wait_for_apis"
          ]
        }
      ]
    },
    {
      "module": "module.datadog-integration",
      "mode": "managed",
      "type": "google_compute_firewall",
      "name": "ingress_rule_dataflow",
      "provider": "provider[\"registry.terraform.io/hashicorp/google\"]",
      "instances": [
        {
          "schema_version": 1,
          "attributes": {
            "allow": [
              {
                "ports": [
                  "12345-12346"
                ],
                "protocol": "tcp"
              }
            ],
            "creation_timestamp": "2026-01-08T00:28:52.107-08:00",
            "deny": [],
            "description": "",
            "destination_ranges": [],
            "direction": "INGRESS",
            "disabled": false,
            "enable_logging": null,
            "id": "projects/remove-it-482111/global/firewalls/ingress-rule-dataflow-workers",
            "log_config": [],
            "name": "ingress-rule-dataflow-workers",
            "network": "https://www.googleapis.com/compute/v1/projects/remove-it-482111/global/networks/default",
            "priority": 200,
            "project": "remove-it-482111",
            "self_link": "https://www.googleapis.com/compute/v1/projects/remove-it-482111/global/firewalls/ingress-rule-dataflow-workers",
            "source_ranges": null,
            "source_service_accounts": null,
            "source_tags": [
              "dataflow"
            ],
            "target_service_accounts": null,
            "target_tags": [
              "dataflow"
            ],
            "timeouts": null
          },
          "sensitive_attributes": [],
          "identity_schema_version": 0,
          "private": "eyJlMmJmYjczMC1lY2FhLTExZTYtOGY4OC0zNDM2M2JjN2M0YzAiOnsiY3JlYXRlIjoxMjAwMDAwMDAwMDAwLCJkZWxldGUiOjEyMDAwMDAwMDAwMDAsInVwZGF0ZSI6MTIwMDAwMDAwMDAwMH0sInNjaGVtYV92ZXJzaW9uIjoiMSJ9",
          "dependencies": [
            "module.datadog-integration.data.google_compute_network.vpc",
            "module.datadog-integration.google_project_service.enable_apis",
            "module.datadog-integration.time_sleep.wait_for_apis"
          ]
        }
      ]
    },
    {
      "module": "module.datadog-integration",
      "mode": "managed",
      "type": "google_compute_region_network_firewall_policy",
      "name": "allow_datadog_policy",
      "provider": "provider[\"registry.terraform.io/hashicorp/google\"]",
      "instances": [
        {
          "schema_version": 0,
          "attributes": {
            "creation_timestamp": "2026-01-08T00:28:52.230-08:00",
            "description": "Firewall policy to allow traffic from Dataflow Workers to Datadog",
            "fingerprint": "3ZwYuLsc1Kg=",
            "id": "projects/remove-it-482111/regions/us-central1/firewallPolicies/allow-workers-to-datadog-policy",
            "name": "allow-workers-to-datadog-policy",
            "project": "remove-it-482111",
            "region": "us-central1",
            "region_network_firewall_policy_id": "8827198514186605611",
            "rule_tuple_count": 8,
            "self_link": "https://www.googleapis.com/compute/v1/projects/remove-it-482111/regions/us-central1/firewallPolicies/allow-workers-to-datadog-policy",
            "self_link_with_id": "https://www.googleapis.com/compute/v1/projects/remove-it-482111/regions/us-central1/firewallPolicies/8827198514186605611",
            "timeouts": null
          },
          "sensitive_attributes": [],
          "identity_schema_version": 0,
          "private": "eyJlMmJmYjczMC1lY2FhLTExZTYtOGY4OC0zNDM2M2JjN2M0YzAiOnsiY3JlYXRlIjoxMjAwMDAwMDAwMDAwLCJkZWxldGUiOjEyMDAwMDAwMDAwMDAsInVwZGF0ZSI6MTIwMDAwMDAwMDAwMH19",
          "dependencies": [
            "module.datadog-integration.google_project_service.enable_apis",
            "module.datadog-integration.time_sleep.wait_for_apis"
          ]
        }
      ]
    },
    {
      "module": "module.datadog-integration",
      "mode": "managed",
      "type": "google_compute_region_network_firewall_policy_association",
      "name": "vpc_association",
      "provider": "provider[\"registry.terraform.io/hashicorp/google\"]",
      "instances": [
        {
          "schema_version": 0,
          "attributes": {
            "attachment_target": "https://www.googleapis.com/compute/v1/projects/remove-it-482111/global/networks/default",
            "firewall_policy": "allow-workers-to-datadog-policy",
            "id": "projects/remove-it-482111/regions/us-central1/firewallPolicies/allow-workers-to-datadog-policy/associations/vpc_association",
            "name": "vpc_association",
            "project": "remove-it-482111",
            "region": "us-central1",
            "short_name": "",
            "timeouts": null
          },
          "sensitive_attributes": [],
          "identity_schema_version": 0,
          "private": "eyJlMmJmYjczMC1lY2FhLTExZTYtOGY4OC0zNDM2M2JjN2M0YzAiOnsiY3JlYXRlIjoxMjAwMDAwMDAwMDAwLCJkZWxldGUiOjEyMDAwMDAwMDAwMDB9fQ==",
          "dependencies": [
            "module.datadog-integration.data.google_compute_network.vpc",
            "module.datadog-integration.google_compute_region_network_firewall_policy.allow_datadog_policy",
            "module.datadog-integration.google_project_service.enable_apis",
            "module.datadog-integration.time_sleep.wait_for_apis"
          ]
        }
      ]
    },
    {
      "module": "module.datadog-integration",
      "mode": "managed",
      "type": "google_compute_region_network_firewall_policy_rule",
      "name": "allow_datadog_rule",
      "provider": "provider[\"registry.terraform.io/hashicorp/google\"]",
      "instances": [
        {
          "schema_version": 0,
          "attributes": {
            "action": "allow",
            "description": "Firewall rule to allow traffic from Dataflow workers to Datadog FQDN",
            "direction": "EGRESS",
            "disabled": false,
            "enable_logging": false,
            "firewall_policy": "allow-workers-to-datadog-policy",
            "id": "projects/remove-it-482111/regions/us-central1/firewallPolicies/allow-workers-to-datadog-policy/365000000",
            "kind": "compute#firewallPolicyRule",
            "match": [
              {
                "dest_address_groups": null,
                "dest_fqdns": [
                  "http-intake.logs.datadoghq.eu"
                ],
                "dest_ip_ranges": null,
                "dest_region_codes": null,
                "dest_threat_intelligences": null,
                "layer4_configs": [
                  {
                    "ip_protocol": "tcp",
                    "ports": [
                      "443"
                    ]
                  }
                ],
                "src_address_groups": null,
                "src_fqdns": null,
                "src_ip_ranges": [
                  "10.128.0.0/20"
                ],
                "src_region_codes": null,
                "src_secure_tags": [],
                "src_threat_intelligences": null
              }
            ],
            "priority": 365000000,
            "project": "remove-it-482111",
            "region": "us-central1",
            "rule_name": "allow-datadog-fqdm",
            "rule_tuple_count": 4,
            "security_profile_group": "",
            "target_secure_tags": [],
            "target_service_accounts": null,
            "timeouts": null,
            "tls_inspect": false
          },
          "sensitive_attributes": [],
          "identity_schema_version": 0,
          "private": "eyJlMmJmYjczMC1lY2FhLTExZTYtOGY4OC0zNDM2M2JjN2M0YzAiOnsiY3JlYXRlIjoxMjAwMDAwMDAwMDAwLCJkZWxldGUiOjEyMDAwMDAwMDAwMDAsInVwZGF0ZSI6MTIwMDAwMDAwMDAwMH19",
          "dependencies": [
            "module.datadog-integration.data.google_compute_subnetwork.dataflow_subnetwork",
            "module.datadog-integration.google_compute_region_network_firewall_policy.allow_datadog_policy",
            "module.datadog-integration.google_project_service.enable_apis",
            "module.datadog-integration.time_sleep.wait_for_apis"
          ]
        }
      ]
    },
    {
      "module": "module.datadog-integration",
      "mode": "managed",
      "type": "google_compute_router",
      "name": "dataflow_router",
      "provider": "provider[\"registry.terraform.io/hashicorp/google\"]",
      "instances": [
        {
          "schema_version": 0,
          "attributes": {
            "bgp": [],
            "creation_timestamp": "2026-01-08T00:28:52.651-08:00",
            "description": "",
            "encrypted_interconnect_router": false,
            "id": "projects/remove-it-482111/regions/us-central1/routers/dataflow-router",
            "name": "dataflow-router",
            "network": "https://www.googleapis.com/compute/v1/projects/remove-it-482111/global/networks/default",
            "project": "remove-it-482111",
            "region": "us-central1",
            "self_link": "https://www.googleapis.com/compute/v1/projects/remove-it-482111/regions/us-central1/routers/dataflow-router",
            "timeouts": null
          },
          "sensitive_attributes": [],
          "identity_schema_version": 0,
          "private": "eyJlMmJmYjczMC1lY2FhLTExZTYtOGY4OC0zNDM2M2JjN2M0YzAiOnsiY3JlYXRlIjoxMjAwMDAwMDAwMDAwLCJkZWxldGUiOjEyMDAwMDAwMDAwMDAsInVwZGF0ZSI6MTIwMDAwMDAwMDAwMH19",
          "dependencies": [
            "module.datadog-integration.data.google_compute_network.vpc",
            "module.datadog-integration.google_project_service.enable_apis",
            "module.datadog-integration.time_sleep.wait_for_apis"
          ]
        }
      ]
    },
    {
      "module": "module.datadog-integration",
      "mode": "managed",
      "type": "google_compute_router_nat",
      "name": "nat",
      "provider": "provider[\"registry.terraform.io/hashicorp/google\"]",
      "instances": [
        {
          "schema_version": 0,
          "attributes": {
            "auto_network_tier": "PREMIUM",
            "drain_nat_ips": null,
            "enable_dynamic_port_allocation": false,
            "enable_endpoint_independent_mapping": false,
            "endpoint_types": [
              "ENDPOINT_TYPE_VM"
            ],
            "icmp_idle_timeout_sec": 30,
            "id": "remove-it-482111/us-central1/dataflow-router/dataflow-machines-nat",
            "log_config": [
              {
                "enable": true,
                "filter": "ERRORS_ONLY"
              }
            ],
            "max_ports_per_vm": 0,
            "min_ports_per_vm": 0,
            "name": "dataflow-machines-nat",
            "nat_ip_allocate_option": "AUTO_ONLY",
            "nat_ips": null,
            "project": "remove-it-482111",
            "region": "us-central1",
            "router": "dataflow-router",
            "rules": [],
            "source_subnetwork_ip_ranges_to_nat": "ALL_SUBNETWORKS_ALL_IP_RANGES",
            "subnetwork": [],
            "tcp_established_idle_timeout_sec": 1200,
            "tcp_time_wait_timeout_sec": 120,
            "tcp_transitory_idle_timeout_sec": 30,
            "timeouts": null,
            "udp_idle_timeout_sec": 30
          },
          "sensitive_attributes": [],
          "identity_schema_version": 0,
          "private": "eyJlMmJmYjczMC1lY2FhLTExZTYtOGY4OC0zNDM2M2JjN2M0YzAiOnsiY3JlYXRlIjoxMjAwMDAwMDAwMDAwLCJkZWxldGUiOjEyMDAwMDAwMDAwMDAsInVwZGF0ZSI6MTIwMDAwMDAwMDAwMH19",
          "dependencies": [
            "module.datadog-integration.data.google_compute_network.vpc",
            "module.datadog-integration.google_compute_router.dataflow_router",
            "module.datadog-integration.google_project_service.enable_apis",
            "module.datadog-integration.time_sleep.wait_for_apis"
          ]
        }
      ]
    },
    {
      "module": "module.datadog-integration",
      "mode": "managed",
      "type": "google_dataflow_job",
      "name": "pubsub_stream_to_datadog",
      "provider": "provider[\"registry.terraform.io/hashicorp/google\"]",
      "instances": [
        {
          "schema_version": 1,
          "attributes": {
            "additional_experiments": [],
            "effective_labels": {
              "dataflow-job-label": "datadog_terraform",
              "goog-dataflow-provided-template-name": "cloud_pubsub_to_datadog",
              "goog-dataflow-provided-template-type": "legacy",
              "goog-dataflow-provided-template-version": "2025-12-16-00_rc00"
            },
            "enable_streaming_engine": true,
            "id": "2026-01-08_00_29_06-17132255902531096360",
            "ip_configuration": "WORKER_IP_PRIVATE",
            "job_id": "2026-01-08_00_29_06-17132255902531096360",
            "kms_key_name": "",
            "labels": {
              "dataflow-job-label": "datadog_terraform"
            },
            "machine_type": "",
            "max_workers": 3,
            "name": "datadog-logs-forwarder",
            "network": "default",
            "on_delete": "cancel",
            "parameters": {
              "apiKeySecretId": "projects/831673228062/secrets/datadog-api/versions/1",
              "apiKeySource": "SECRET_MANAGER",
              "inputSubscription": "projects/remove-it-482111/subscriptions/datadog-export-sub",
              "outputDeadletterTopic": "projects/remove-it-482111/topics/outputDeadletterTopic",
              "url": "https://http-intake.logs.datadoghq.eu"
            },
            "project": "remove-it-482111",
            "region": "us-central1",
            "service_account_email": "dataflow-datadog-export-sa@remove-it-482111.iam.gserviceaccount.com",
            "skip_wait_on_job_termination": false,
            "state": "JOB_STATE_PENDING",
            "subnetwork": "https://www.googleapis.com/compute/v1/projects/remove-it-482111/regions/us-central1/subnetworks/default",
            "temp_gcs_location": "gs://remove-it-datadog-temp-5cfe0461/tmp_dir",
            "template_gcs_path": "gs://dataflow-templates-us-central1/latest/Cloud_PubSub_to_Datadog",
            "terraform_labels": {
              "dataflow-job-label": "datadog_terraform"
            },
            "timeouts": null,
            "transform_name_mapping": null,
            "type": "JOB_TYPE_STREAMING",
            "zone": null
          },
          "sensitive_attributes": [],
          "identity_schema_version": 0,
          "private": "eyJlMmJmYjczMC1lY2FhLTExZTYtOGY4OC0zNDM2M2JjN2M0YzAiOnsidXBkYXRlIjo2MDAwMDAwMDAwMDB9LCJzY2hlbWFfdmVyc2lvbiI6IjEifQ==",
          "dependencies": [
            "module.datadog-integration.data.google_compute_network.vpc",
            "module.datadog-integration.data.google_compute_subnetwork.dataflow_subnetwork",
            "module.datadog-integration.google_project_service.enable_apis",
            "module.datadog-integration.google_pubsub_subscription.datadog_topic_sub",
            "module.datadog-integration.google_pubsub_topic.datadog_topic",
            "module.datadog-integration.google_pubsub_topic.output_dead_letter",
            "module.datadog-integration.google_secret_manager_secret.datadog_secret",
            "module.datadog-integration.google_secret_manager_secret_version.secret_version",
            "module.datadog-integration.google_service_account.dataflow_datadog_export_sa",
            "module.datadog-integration.google_storage_bucket.temp_files_bucket",
            "module.datadog-integration.random_id.random",
            "module.datadog-integration.time_sleep.wait_for_apis"
          ]
        }
      ]
    },
    {
      "module": "module.datadog-integration",
      "mode": "managed",
      "type": "google_logging_folder_sink",
      "name": "datadog_export_sink",
      "provider": "provider[\"registry.terraform.io/hashicorp/google\"]",
      "instances": []
    },
    {
      "module": "module.datadog-integration",
      "mode": "managed",
      "type": "google_logging_project_sink",
      "name": "datadog_export_sink",
      "provider": "provider[\"registry.terraform.io/hashicorp/google\"]",
      "instances": [
        {
          "index_key": 0,
          "schema_version": 0,
          "attributes": {
            "bigquery_options": [],
            "custom_writer_identity": null,
            "description": "Project Sink to route logs from GCP to Datadog.",
            "destination": "pubsub.googleapis.com/projects/remove-it-482111/topics/datadog-export-topic",
            "disabled": false,
            "exclusions": [],
            "filter": "resource.type=cloud_run_revision OR resource.type=gae_app",
            "id": "projects/remove-it-482111/sinks/datadog-export-sink",
            "name": "datadog-export-sink",
            "project": "remove-it-482111",
            "unique_writer_identity": true,
            "writer_identity": "serviceAccount:service-831673228062@gcp-sa-logging.iam.gserviceaccount.com"
          },
          "sensitive_attributes": [],
          "identity_schema_version": 0,
          "private": "bnVsbA==",
          "dependencies": [
            "module.datadog-integration.google_project_service.enable_apis",
            "module.datadog-integration.time_sleep.wait_for_apis"
          ]
        }
      ]
    },
    {
      "module": "module.datadog-integration",
      "mode": "managed",
      "type": "google_project_iam_member",
      "name": "dataflow_datadog_sa_roles",
      "provider": "provider[\"registry.terraform.io/hashicorp/google\"]",
      "instances": [
        {
          "index_key": "roles/dataflow.admin",
          "schema_version": 0,
          "attributes": {
            "condition": [],
            "etag": "BwZH3DPfKPw=",
            "id": "remove-it-482111/roles/dataflow.admin/serviceAccount:dataflow-datadog-export-sa@remove-it-482111.iam.gserviceaccount.com",
            "member": "serviceAccount:dataflow-datadog-export-sa@remove-it-482111.iam.gserviceaccount.com",
            "project": "remove-it-482111",
            "role": "roles/dataflow.admin"
          },
          "sensitive_attributes": [],
          "identity_schema_version": 0,
          "private": "bnVsbA==",
          "dependencies": [
            "module.datadog-integration.google_project_service.enable_apis",
            "module.datadog-integration.google_service_account.dataflow_datadog_export_sa",
            "module.datadog-integration.time_sleep.wait_for_apis"
          ]
        },
        {
          "index_key": "roles/dataflow.worker",
          "schema_version": 0,
          "attributes": {
            "condition": [],
            "etag": "BwZH3DPfKPw=",
            "id": "remove-it-482111/roles/dataflow.worker/serviceAccount:dataflow-datadog-export-sa@remove-it-482111.iam.gserviceaccount.com",
            "member": "serviceAccount:dataflow-datadog-export-sa@remove-it-482111.iam.gserviceaccount.com",
            "project": "remove-it-482111",
            "role": "roles/dataflow.worker"
          },
          "sensitive_attributes": [],
          "identity_schema_version": 0,
          "private": "bnVsbA==",
          "dependencies": [
            "module.datadog-integration.google_project_service.enable_apis",
            "module.datadog-integration.google_service_account.dataflow_datadog_export_sa",
            "module.datadog-integration.time_sleep.wait_for_apis"
          ]
        },
        {
          "index_key": "roles/pubsub.publisher",
          "schema_version": 0,
          "attributes": {
            "condition": [],
            "etag": "BwZH3DPfKPw=",
            "id": "remove-it-482111/roles/pubsub.publisher/serviceAccount:dataflow-datadog-export-sa@remove-it-482111.iam.gserviceaccount.com",
            "member": "serviceAccount:dataflow-datadog-export-sa@remove-it-482111.iam.gserviceaccount.com",
            "project": "remove-it-482111",
            "role": "roles/pubsub.publisher"
          },
          "sensitive_attributes": [],
          "identity_schema_version": 0,
          "private": "bnVsbA==",
          "dependencies": [
            "module.datadog-integration.google_project_service.enable_apis",
            "module.datadog-integration.google_service_account.dataflow_datadog_export_sa",
            "module.datadog-integration.time_sleep.wait_for_apis"
          ]
        },
        {
          "index_key": "roles/pubsub.subscriber",
          "schema_version": 0,
          "attributes": {
            "condition": [],
            "etag": "BwZH3DPfKPw=",
            "id": "remove-it-482111/roles/pubsub.subscriber/serviceAccount:dataflow-datadog-export-sa@remove-it-482111.iam.gserviceaccount.com",
            "member": "serviceAccount:dataflow-datadog-export-sa@remove-it-482111.iam.gserviceaccount.com",
            "project": "remove-it-482111",
            "role": "roles/pubsub.subscriber"
          },
          "sensitive_attributes": [],
          "identity_schema_version": 0,
          "private": "bnVsbA==",
          "dependencies": [
            "module.datadog-integration.google_project_service.enable_apis",
            "module.datadog-integration.google_service_account.dataflow_datadog_export_sa",
            "module.datadog-integration.time_sleep.wait_for_apis"
          ]
        },
        {
          "index_key": "roles/pubsub.viewer",
          "schema_version": 0,
          "attributes": {
            "condition": [],
            "etag": "BwZH3DPfKPw=",
            "id": "remove-it-482111/roles/pubsub.viewer/serviceAccount:dataflow-datadog-export-sa@remove-it-482111.iam.gserviceaccount.com",
            "member": "serviceAccount:dataflow-datadog-export-sa@remove-it-482111.iam.gserviceaccount.com",
            "project": "remove-it-482111",
            "role": "roles/pubsub.viewer"
          },
          "sensitive_attributes": [],
          "identity_schema_version": 0,
          "private": "bnVsbA==",
          "dependencies": [
            "module.datadog-integration.google_project_service.enable_apis",
            "module.datadog-integration.google_service_account.dataflow_datadog_export_sa",
            "module.datadog-integration.time_sleep.wait_for_apis"
          ]
        },
        {
          "index_key": "roles/secretmanager.secretAccessor",
          "schema_version": 0,
          "attributes": {
            "condition": [],
            "etag": "BwZH3DPfKPw=",
            "id": "remove-it-482111/roles/secretmanager.secretAccessor/serviceAccount:dataflow-datadog-export-sa@remove-it-482111.iam.gserviceaccount.com",
            "member": "serviceAccount:dataflow-datadog-export-sa@remove-it-482111.iam.gserviceaccount.com",
            "project": "remove-it-482111",
            "role": "roles/secretmanager.secretAccessor"
          },
          "sensitive_attributes": [],
          "identity_schema_version": 0,
          "private": "bnVsbA==",
          "dependencies": [
            "module.datadog-integration.google_project_service.enable_apis",
            "module.datadog-integration.google_service_account.dataflow_datadog_export_sa",
            "module.datadog-integration.time_sleep.wait_for_apis"
          ]
        },
        {
          "index_key": "roles/storage.objectAdmin",
          "schema_version": 0,
          "attributes": {
            "condition": [],
            "etag": "BwZH3DPfKPw=",
            "id": "remove-it-482111/roles/storage.objectAdmin/serviceAccount:dataflow-datadog-export-sa@remove-it-482111.iam.gserviceaccount.com",
            "member": "serviceAccount:dataflow-datadog-export-sa@remove-it-482111.iam.gserviceaccount.com",
            "project": "remove-it-482111",
            "role": "roles/storage.objectAdmin"
          },
          "sensitive_attributes": [],
          "identity_schema_version": 0,
          "private": "bnVsbA==",
          "dependencies": [
            "module.datadog-integration.google_project_service.enable_apis",
            "module.datadog-integration.google_service_account.dataflow_datadog_export_sa",
            "module.datadog-integration.time_sleep.wait_for_apis"
          ]
        }
      ]
    },
    {
      "module": "module.datadog-integration",
      "mode": "managed",
      "type": "google_project_service",
      "name": "enable_apis",
      "provider": "provider[\"registry.terraform.io/hashicorp/google\"]",
      "instances": [
        {
          "index_key": "cloudresourcemanager.googleapis.com",
          "schema_version": 0,
          "attributes": {
            "disable_dependent_services": null,
            "disable_on_destroy": false,
            "id": "remove-it-482111/cloudresourcemanager.googleapis.com",
            "project": "remove-it-482111",
            "service": "cloudresourcemanager.googleapis.com",
            "timeouts": null
          },
          "sensitive_attributes": [],
          "identity_schema_version": 0,
          "private": "eyJlMmJmYjczMC1lY2FhLTExZTYtOGY4OC0zNDM2M2JjN2M0YzAiOnsiY3JlYXRlIjoxMjAwMDAwMDAwMDAwLCJkZWxldGUiOjEyMDAwMDAwMDAwMDAsInJlYWQiOjYwMDAwMDAwMDAwMCwidXBkYXRlIjoxMjAwMDAwMDAwMDAwfX0="
        },
        {
          "index_key": "dataflow.googleapis.com",
          "schema_version": 0,
          "attributes": {
            "disable_dependent_services": null,
            "disable_on_destroy": false,
            "id": "remove-it-482111/dataflow.googleapis.com",
            "project": "remove-it-482111",
            "service": "dataflow.googleapis.com",
            "timeouts": null
          },
          "sensitive_attributes": [],
          "identity_schema_version": 0,
          "private": "eyJlMmJmYjczMC1lY2FhLTExZTYtOGY4OC0zNDM2M2JjN2M0YzAiOnsiY3JlYXRlIjoxMjAwMDAwMDAwMDAwLCJkZWxldGUiOjEyMDAwMDAwMDAwMDAsInJlYWQiOjYwMDAwMDAwMDAwMCwidXBkYXRlIjoxMjAwMDAwMDAwMDAwfX0="
        },
        {
          "index_key": "iam.googleapis.com",
          "schema_version": 0,
          "attributes": {
            "disable_dependent_services": null,
            "disable_on_destroy": false,
            "id": "remove-it-482111/iam.googleapis.com",
            "project": "remove-it-482111",
            "service": "iam.googleapis.com",
            "timeouts": null
          },
          "sensitive_attributes": [],
          "identity_schema_version": 0,
          "private": "eyJlMmJmYjczMC1lY2FhLTExZTYtOGY4OC0zNDM2M2JjN2M0YzAiOnsiY3JlYXRlIjoxMjAwMDAwMDAwMDAwLCJkZWxldGUiOjEyMDAwMDAwMDAwMDAsInJlYWQiOjYwMDAwMDAwMDAwMCwidXBkYXRlIjoxMjAwMDAwMDAwMDAwfX0="
        },
        {
          "index_key": "logging.googleapis.com",
          "schema_version": 0,
          "attributes": {
            "disable_dependent_services": null,
            "disable_on_destroy": false,
            "id": "remove-it-482111/logging.googleapis.com",
            "project": "remove-it-482111",
            "service": "logging.googleapis.com",
            "timeouts": null
          },
          "sensitive_attributes": [],
          "identity_schema_version": 0,
          "private": "eyJlMmJmYjczMC1lY2FhLTExZTYtOGY4OC0zNDM2M2JjN2M0YzAiOnsiY3JlYXRlIjoxMjAwMDAwMDAwMDAwLCJkZWxldGUiOjEyMDAwMDAwMDAwMDAsInJlYWQiOjYwMDAwMDAwMDAwMCwidXBkYXRlIjoxMjAwMDAwMDAwMDAwfX0="
        },
        {
          "index_key": "pubsub.googleapis.com",
          "schema_version": 0,
          "attributes": {
            "disable_dependent_services": null,
            "disable_on_destroy": false,
            "id": "remove-it-482111/pubsub.googleapis.com",
            "project": "remove-it-482111",
            "service": "pubsub.googleapis.com",
            "timeouts": null
          },
          "sensitive_attributes": [],
          "identity_schema_version": 0,
          "private": "eyJlMmJmYjczMC1lY2FhLTExZTYtOGY4OC0zNDM2M2JjN2M0YzAiOnsiY3JlYXRlIjoxMjAwMDAwMDAwMDAwLCJkZWxldGUiOjEyMDAwMDAwMDAwMDAsInJlYWQiOjYwMDAwMDAwMDAwMCwidXBkYXRlIjoxMjAwMDAwMDAwMDAwfX0="
        },
        {
          "index_key": "secretmanager.googleapis.com",
          "schema_version": 0,
          "attributes": {
            "disable_dependent_services": null,
            "disable_on_destroy": false,
            "id": "remove-it-482111/secretmanager.googleapis.com",
            "project": "remove-it-482111",
            "service": "secretmanager.googleapis.com",
            "timeouts": null
          },
          "sensitive_attributes": [],
          "identity_schema_version": 0,
          "private": "eyJlMmJmYjczMC1lY2FhLTExZTYtOGY4OC0zNDM2M2JjN2M0YzAiOnsiY3JlYXRlIjoxMjAwMDAwMDAwMDAwLCJkZWxldGUiOjEyMDAwMDAwMDAwMDAsInJlYWQiOjYwMDAwMDAwMDAwMCwidXBkYXRlIjoxMjAwMDAwMDAwMDAwfX0="
        },
        {
          "index_key": "serviceusage.googleapis.com",
          "schema_version": 0,
          "attributes": {
            "disable_dependent_services": null,
            "disable_on_destroy": false,
            "id": "remove-it-482111/serviceusage.googleapis.com",
            "project": "remove-it-482111",
            "service": "serviceusage.googleapis.com",
            "timeouts": null
          },
          "sensitive_attributes": [],
          "identity_schema_version": 0,
          "private": "eyJlMmJmYjczMC1lY2FhLTExZTYtOGY4OC0zNDM2M2JjN2M0YzAiOnsiY3JlYXRlIjoxMjAwMDAwMDAwMDAwLCJkZWxldGUiOjEyMDAwMDAwMDAwMDAsInJlYWQiOjYwMDAwMDAwMDAwMCwidXBkYXRlIjoxMjAwMDAwMDAwMDAwfX0="
        }
      ]
    },
    {
      "module": "module.datadog-integration",
      "mode": "managed",
      "type": "google_pubsub_subscription",
      "name": "datadog_topic_sub",
      "provider": "provider[\"registry.terraform.io/hashicorp/google\"]",
      "instances": [
        {
          "schema_version": 0,
          "attributes": {
            "ack_deadline_seconds": 10,
            "bigquery_config": [],
            "cloud_storage_config": [],
            "dead_letter_policy": [],
            "effective_labels": {},
            "enable_exactly_once_delivery": false,
            "enable_message_ordering": false,
            "expiration_policy": [
              {
                "ttl": "2678400s"
              }
            ],
            "filter": "",
            "id": "projects/remove-it-482111/subscriptions/datadog-export-sub",
            "labels": null,
            "message_retention_duration": "604800s",
            "name": "datadog-export-sub",
            "project": "remove-it-482111",
            "push_config": [],
            "retain_acked_messages": false,
            "retry_policy": [],
            "terraform_labels": {},
            "timeouts": null,
            "topic": "projects/remove-it-482111/topics/datadog-export-topic"
          },
          "sensitive_attributes": [],
          "identity_schema_version": 0,
          "private": "eyJlMmJmYjczMC1lY2FhLTExZTYtOGY4OC0zNDM2M2JjN2M0YzAiOnsiY3JlYXRlIjoxMjAwMDAwMDAwMDAwLCJkZWxldGUiOjEyMDAwMDAwMDAwMDAsInVwZGF0ZSI6MTIwMDAwMDAwMDAwMH19",
          "dependencies": [
            "module.datadog-integration.google_project_service.enable_apis",
            "module.datadog-integration.google_pubsub_topic.datadog_topic",
            "module.datadog-integration.time_sleep.wait_for_apis"
          ]
        }
      ]
    },
    {
      "module": "module.datadog-integration",
      "mode": "managed",
      "type": "google_pubsub_subscription",
      "name": "output_dead_letter_sub",
      "provider": "provider[\"registry.terraform.io/hashicorp/google\"]",
      "instances": [
        {
          "schema_version": 0,
          "attributes": {
            "ack_deadline_seconds": 10,
            "bigquery_config": [],
            "cloud_storage_config": [],
            "dead_letter_policy": [],
            "effective_labels": {},
            "enable_exactly_once_delivery": false,
            "enable_message_ordering": false,
            "expiration_policy": [
              {
                "ttl": "2678400s"
              }
            ],
            "filter": "",
            "id": "projects/remove-it-482111/subscriptions/outputDeadletterTopic-sub",
            "labels": null,
            "message_retention_duration": "604800s",
            "name": "outputDeadletterTopic-sub",
            "project": "remove-it-482111",
            "push_config": [],
            "retain_acked_messages": false,
            "retry_policy": [],
            "terraform_labels": {},
            "timeouts": null,
            "topic": "projects/remove-it-482111/topics/outputDeadletterTopic"
          },
          "sensitive_attributes": [],
          "identity_schema_version": 0,
          "private": "eyJlMmJmYjczMC1lY2FhLTExZTYtOGY4OC0zNDM2M2JjN2M0YzAiOnsiY3JlYXRlIjoxMjAwMDAwMDAwMDAwLCJkZWxldGUiOjEyMDAwMDAwMDAwMDAsInVwZGF0ZSI6MTIwMDAwMDAwMDAwMH19",
          "dependencies": [
            "module.datadog-integration.google_pubsub_topic.output_dead_letter"
          ]
        }
      ]
    },
    {
      "module": "module.datadog-integration",
      "mode": "managed",
      "type": "google_pubsub_topic",
      "name": "datadog_topic",
      "provider": "provider[\"registry.terraform.io/hashicorp/google\"]",
      "instances": [
        {
          "schema_version": 0,
          "attributes": {
            "effective_labels": {
              "pubsub-label": "datadog_terraform"
            },
            "id": "projects/remove-it-482111/topics/datadog-export-topic",
            "ingestion_data_source_settings": [],
            "kms_key_name": "",
            "labels": {
              "pubsub-label": "datadog_terraform"
            },
            "message_retention_duration": "",
            "message_storage_policy": [],
            "name": "datadog-export-topic",
            "project": "remove-it-482111",
            "schema_settings": [],
            "terraform_labels": {
              "pubsub-label": "datadog_terraform"
            },
            "timeouts": null
          },
          "sensitive_attributes": [],
          "identity_schema_version": 0,
          "private": "eyJlMmJmYjczMC1lY2FhLTExZTYtOGY4OC0zNDM2M2JjN2M0YzAiOnsiY3JlYXRlIjoxMjAwMDAwMDAwMDAwLCJkZWxldGUiOjEyMDAwMDAwMDAwMDAsInVwZGF0ZSI6MTIwMDAwMDAwMDAwMH19",
          "dependencies": [
            "module.datadog-integration.google_project_service.enable_apis",
            "module.datadog-integration.time_sleep.wait_for_apis"
          ]
        }
      ]
    },
    {
      "module": "module.datadog-integration",
      "mode": "managed",
      "type": "google_pubsub_topic",
      "name": "output_dead_letter",
      "provider": "provider[\"registry.terraform.io/hashicorp/google\"]",
      "instances": [
        {
          "schema_version": 0,
          "attributes": {
            "effective_labels": {},
            "id": "projects/remove-it-482111/topics/outputDeadletterTopic",
            "ingestion_data_source_settings": [],
            "kms_key_name": "",
            "labels": null,
            "message_retention_duration": "",
            "message_storage_policy": [],
            "name": "outputDeadletterTopic",
            "project": "remove-it-482111",
            "schema_settings": [],
            "terraform_labels": {},
            "timeouts": null
          },
          "sensitive_attributes": [],
          "identity_schema_version": 0,
          "private": "eyJlMmJmYjczMC1lY2FhLTExZTYtOGY4OC0zNDM2M2JjN2M0YzAiOnsiY3JlYXRlIjoxMjAwMDAwMDAwMDAwLCJkZWxldGUiOjEyMDAwMDAwMDAwMDAsInVwZGF0ZSI6MTIwMDAwMDAwMDAwMH19"
        }
      ]
    },
    {
      "module": "module.datadog-integration",
      "mode": "managed",
      "type": "google_pubsub_topic_iam_member",
      "name": "logs_sa_publishing_permissions",
      "provider": "provider[\"registry.terraform.io/hashicorp/google\"]",
      "instances": [
        {
          "index_key": 0,
          "schema_version": 0,
          "attributes": {
            "condition": [],
            "etag": "BwZH3DMTg8A=",
            "id": "projects/remove-it-482111/topics/datadog-export-topic/roles/pubsub.publisher/serviceAccount:service-831673228062@gcp-sa-logging.iam.gserviceaccount.com",
            "member": "serviceAccount:service-831673228062@gcp-sa-logging.iam.gserviceaccount.com",
            "project": "remove-it-482111",
            "role": "roles/pubsub.publisher",
            "topic": "projects/remove-it-482111/topics/datadog-export-topic"
          },
          "sensitive_attributes": [],
          "identity_schema_version": 0,
          "private": "bnVsbA==",
          "dependencies": [
            "module.datadog-integration.data.google_project.project",
            "module.datadog-integration.google_project_service.enable_apis",
            "module.datadog-integration.google_pubsub_topic.datadog_topic",
            "module.datadog-integration.time_sleep.wait_for_apis"
          ]
        }
      ]
    },
    {
      "module": "module.datadog-integration",
      "mode": "managed",
      "type": "google_pubsub_topic_iam_member",
      "name": "logs_sa_publishing_permissions_folder",
      "provider": "provider[\"registry.terraform.io/hashicorp/google\"]",
      "instances": []
    },
    {
      "module": "module.datadog-integration",
      "mode": "managed",
      "type": "google_secret_manager_secret",
      "name": "datadog_secret",
      "provider": "provider[\"registry.terraform.io/hashicorp/google\"]",
      "instances": [
        {
          "schema_version": 0,
          "attributes": {
            "annotations": null,
            "create_time": "2026-01-08T08:28:51.874921Z",
            "effective_annotations": {},
            "effective_labels": {},
            "expire_time": "",
            "id": "projects/remove-it-482111/secrets/datadog-api",
            "labels": null,
            "name": "projects/831673228062/secrets/datadog-api",
            "project": "remove-it-482111",
            "replication": [
              {
                "auto": [],
                "user_managed": [
                  {
                    "replicas": [
                      {
                        "customer_managed_encryption": [],
                        "location": "us-central1"
                      }
                    ]
                  }
                ]
              }
            ],
            "rotation": [],
            "secret_id": "datadog-api",
            "terraform_labels": {},
            "timeouts": null,
            "topics": [],
            "ttl": null,
            "version_aliases": null,
            "version_destroy_ttl": ""
          },
          "sensitive_attributes": [],
          "identity_schema_version": 0,
          "private": "eyJlMmJmYjczMC1lY2FhLTExZTYtOGY4OC0zNDM2M2JjN2M0YzAiOnsiY3JlYXRlIjoxMjAwMDAwMDAwMDAwLCJkZWxldGUiOjEyMDAwMDAwMDAwMDAsInVwZGF0ZSI6MTIwMDAwMDAwMDAwMH19",
          "dependencies": [
            "module.datadog-integration.google_project_service.enable_apis",
            "module.datadog-integration.time_sleep.wait_for_apis"
          ]
        }
      ]
    },
    {
      "module": "module.datadog-integration",
      "mode": "managed",
      "type": "google_secret_manager_secret_version",
      "name": "secret_version",
      "provider": "provider[\"registry.terraform.io/hashicorp/google\"]",
      "instances": [
        {
          "schema_version": 0,
          "attributes": {
            "create_time": "2026-01-08T08:28:53.006404Z",
            "deletion_policy": "DELETE",
            "destroy_time": "",
            "enabled": true,
            "id": "projects/831673228062/secrets/datadog-api/versions/1",
            "is_secret_data_base64": false,
            "name": "projects/831673228062/secrets/datadog-api/versions/1",
            "secret": "projects/remove-it-482111/secrets/datadog-api",
            "secret_data": "3b34ac461e4bfea75f61d1484dd6f90d",
            "timeouts": null,
            "version": "1"
          },
          "sensitive_attributes": [
            [
              {
                "type": "get_attr",
                "value": "secret_data"
              }
            ]
          ],
          "identity_schema_version": 0,
          "private": "eyJlMmJmYjczMC1lY2FhLTExZTYtOGY4OC0zNDM2M2JjN2M0YzAiOnsiY3JlYXRlIjoxMjAwMDAwMDAwMDAwLCJkZWxldGUiOjEyMDAwMDAwMDAwMDAsInVwZGF0ZSI6MTIwMDAwMDAwMDAwMH19",
          "dependencies": [
            "module.datadog-integration.google_project_service.enable_apis",
            "module.datadog-integration.google_secret_manager_secret.datadog_secret",
            "module.datadog-integration.time_sleep.wait_for_apis"
          ]
        }
      ]
    },
    {
      "module": "module.datadog-integration",
      "mode": "managed",
      "type": "google_service_account",
      "name": "dataflow_datadog_export_sa",
      "provider": "provider[\"registry.terraform.io/hashicorp/google\"]",
      "instances": [
        {
          "schema_version": 0,
          "attributes": {
            "account_id": "dataflow-datadog-export-sa",
            "create_ignore_already_exists": null,
            "description": "Service account used by the Dataflow service to export logs to Datadog.",
            "disabled": false,
            "display_name": "Dataflow Service Account",
            "email": "dataflow-datadog-export-sa@remove-it-482111.iam.gserviceaccount.com",
            "id": "projects/remove-it-482111/serviceAccounts/dataflow-datadog-export-sa@remove-it-482111.iam.gserviceaccount.com",
            "member": "serviceAccount:dataflow-datadog-export-sa@remove-it-482111.iam.gserviceaccount.com",
            "name": "projects/remove-it-482111/serviceAccounts/dataflow-datadog-export-sa@remove-it-482111.iam.gserviceaccount.com",
            "project": "remove-it-482111",
            "timeouts": null,
            "unique_id": "115883247646309639370"
          },
          "sensitive_attributes": [],
          "identity_schema_version": 0,
          "private": "eyJlMmJmYjczMC1lY2FhLTExZTYtOGY4OC0zNDM2M2JjN2M0YzAiOnsiY3JlYXRlIjozMDAwMDAwMDAwMDB9fQ==",
          "dependencies": [
            "module.datadog-integration.google_project_service.enable_apis",
            "module.datadog-integration.time_sleep.wait_for_apis"
          ]
        }
      ]
    },
    {
      "module": "module.datadog-integration",
      "mode": "managed",
      "type": "google_storage_bucket",
      "name": "temp_files_bucket",
      "provider": "provider[\"registry.terraform.io/hashicorp/google\"]",
      "instances": [
        {
          "schema_version": 2,
          "attributes": {
            "autoclass": [],
            "cors": [],
            "custom_placement_config": [],
            "default_event_based_hold": false,
            "effective_labels": {
              "storage-bucket-label": "datadog_terraform"
            },
            "enable_object_retention": false,
            "encryption": [],
            "force_destroy": false,
            "id": "remove-it-datadog-temp-5cfe0461",
            "labels": {
              "storage-bucket-label": "datadog_terraform"
            },
            "lifecycle_rule": [],
            "location": "US-CENTRAL1",
            "logging": [],
            "name": "remove-it-datadog-temp-5cfe0461",
            "project": "remove-it-482111",
            "project_number": 831673228062,
            "public_access_prevention": "enforced",
            "requester_pays": false,
            "retention_policy": [],
            "rpo": null,
            "self_link": "https://www.googleapis.com/storage/v1/b/remove-it-datadog-temp-5cfe0461",
            "soft_delete_policy": [
              {
                "effective_time": "",
                "retention_duration_seconds": 0
              }
            ],
            "storage_class": "STANDARD",
            "terraform_labels": {
              "storage-bucket-label": "datadog_terraform"
            },
            "timeouts": null,
            "uniform_bucket_level_access": true,
            "url": "gs://remove-it-datadog-temp-5cfe0461",
            "versioning": [],
            "website": []
          },
          "sensitive_attributes": [],
          "identity_schema_version": 0,
          "private": "eyJlMmJmYjczMC1lY2FhLTExZTYtOGY4OC0zNDM2M2JjN2M0YzAiOnsiY3JlYXRlIjo2MDAwMDAwMDAwMDAsInJlYWQiOjI0MDAwMDAwMDAwMCwidXBkYXRlIjoyNDAwMDAwMDAwMDB9LCJzY2hlbWFfdmVyc2lvbiI6IjIifQ==",
          "dependencies": [
            "module.datadog-integration.random_id.random"
          ]
        }
      ]
    },
    {
      "module": "module.datadog-integration",
      "mode": "managed",
      "type": "random_id",
      "name": "random",
      "provider": "provider[\"registry.terraform.io/hashicorp/random\"]",
      "instances": [
        {
          "schema_version": 0,
          "attributes": {
            "b64_std": "XP4EYQ==",
            "b64_url": "XP4EYQ",
            "byte_length": 4,
            "dec": "1560151137",
            "hex": "5cfe0461",
            "id": "XP4EYQ",
            "keepers": null,
            "prefix": null
          },
          "sensitive_attributes": [],
          "identity_schema_version": 0
        }
      ]
    },
    {
      "module": "module.datadog-integration",
      "mode": "managed",
      "type": "time_sleep",
      "name": "wait_for_apis",
      "provider": "provider[\"registry.terraform.io/hashicorp/time\"]",
      "instances": [
        {
          "schema_version": 0,
          "attributes": {
            "create_duration": "60s",
            "destroy_duration": null,
            "id": "2026-01-08T08:28:51Z",
            "triggers": null
          },
          "sensitive_attributes": [],
          "identity_schema_version": 0,
          "dependencies": [
            "module.datadog-integration.google_project_service.enable_apis"
          ]
        }
      ]
    }
  ],
  "check_results": [
    {
      "object_kind": "var",
      "config_addr": "module.datadog-integration.var.dataflow_temp_bucket_name",
      "status": "pass",
      "objects": [
        {
          "object_addr": "module.datadog-integration.var.dataflow_temp_bucket_name",
          "status": "pass"
        }
      ]
    },
    {
      "object_kind": "var",
      "config_addr": "module.datadog-integration.var.topic_name",
      "status": "pass",
      "objects": [
        {
          "object_addr": "module.datadog-integration.var.topic_name",
          "status": "pass"
        }
      ]
    },
    {
      "object_kind": "var",
      "config_addr": "module.datadog-integration.var.subscription_name",
      "status": "pass",
      "objects": [
        {
          "object_addr": "module.datadog-integration.var.subscription_name",
          "status": "pass"
        }
      ]
    },
    {
      "object_kind": "var",
      "config_addr": "module.datadog-integration.var.datadog_site_url",
      "status": "pass",
      "objects": [
        {
          "object_addr": "module.datadog-integration.var.datadog_site_url",
          "status": "pass"
        }
      ]
    },
    {
      "object_kind": "var",
      "config_addr": "module.datadog-integration.var.project_id",
      "status": "pass",
      "objects": [
        {
          "object_addr": "module.datadog-integration.var.project_id",
          "status": "pass"
        }
      ]
    }
  ]
}
