{
  "version": 4,
  "terraform_version": "1.13.1",
  "serial": 86,
  "lineage": "3d4ec20d-6a2e-1411-00f2-2d17ab8c2bb8",
  "outputs": {},
  "resources": [
    {
      "module": "module.datadog-integration",
      "mode": "managed",
      "type": "google_project_service",
      "name": "enable_apis",
      "provider": "provider[\"registry.terraform.io/hashicorp/google\"]",
      "instances": [
        {
          "index_key": "serviceusage.googleapis.com",
          "schema_version": 0,
          "attributes": {
            "disable_dependent_services": null,
            "disable_on_destroy": true,
            "id": "remove-it-482111/serviceusage.googleapis.com",
            "project": "remove-it-482111",
            "service": "serviceusage.googleapis.com",
            "timeouts": null
          },
          "sensitive_attributes": [],
          "identity_schema_version": 0,
          "private": "eyJlMmJmYjczMC1lY2FhLTExZTYtOGY4OC0zNDM2M2JjN2M0YzAiOnsiY3JlYXRlIjoxMjAwMDAwMDAwMDAwLCJkZWxldGUiOjEyMDAwMDAwMDAwMDAsInJlYWQiOjYwMDAwMDAwMDAwMCwidXBkYXRlIjoxMjAwMDAwMDAwMDAwfX0="
        }
      ]
    }
  ],
  "check_results": [
    {
      "object_kind": "var",
      "config_addr": "module.datadog-integration.var.datadog_site_url",
      "status": "unknown",
      "objects": null
    },
    {
      "object_kind": "var",
      "config_addr": "module.datadog-integration.var.dataflow_temp_bucket_name",
      "status": "unknown",
      "objects": null
    },
    {
      "object_kind": "var",
      "config_addr": "module.datadog-integration.var.topic_name",
      "status": "unknown",
      "objects": null
    },
    {
      "object_kind": "var",
      "config_addr": "module.datadog-integration.var.subscription_name",
      "status": "unknown",
      "objects": null
    },
    {
      "object_kind": "var",
      "config_addr": "module.datadog-integration.var.project_id",
      "status": "unknown",
      "objects": null
    }
  ]
}
